
Microsoft Visual Studio Solution File, Format Version 12.00
# Visual Studio Version 16
VisualStudioVersion = 16.0.31702.278
MinimumVisualStudioVersion = 10.0.40219.1
Project("{9A19103F-16F7-4668-BE54-9A1E7A4F7556}") = "GVVL7Y_HFT_2021221.Client", "GVVL7Y_HFT_2021221.Client\GVVL7Y_HFT_2021221.Client.csproj", "{5D0F80FE-2579-4DC4-8ED9-D837B33B146D}"
EndProject
Project("{9A19103F-16F7-4668-BE54-9A1E7A4F7556}") = "GVVL7Y_HFT_2021221.Models", "GVVL7Y_HFT_2021221.Models\GVVL7Y_HFT_2021221.Models.csproj", "{3265C08C-8625-41C1-93BD-1DD682B02E82}"
EndProject
Project("{9A19103F-16F7-4668-BE54-9A1E7A4F7556}") = "GVVL7Y_HFT_2021221.Data", "GVVL7Y_HFT_2021221.Data\GVVL7Y_HFT_2021221.Data.csproj", "{CC05CB3D-F7F2-46BF-BE26-DFDBB84152D6}"
EndProject
Project("{9A19103F-16F7-4668-BE54-9A1E7A4F7556}") = "GVVL7Y_HFT_2021221.Logic", "GVVL7Y_HFT_2021221.Logic\GVVL7Y_HFT_2021221.Logic.csproj", "{2A746B83-FAAE-43C1-BDFB-D3E1335B603A}"
EndProject
Project("{9A19103F-16F7-4668-BE54-9A1E7A4F7556}") = "GVVL7Y_HFT_2021221.Repository", "GVVL7Y_HFT_2021221.Repository\GVVL7Y_HFT_2021221.Repository.csproj", "{61F5D6EB-9CD0-46FA-8527-062D2C57FBE9}"
EndProject
Project("{9A19103F-16F7-4668-BE54-9A1E7A4F7556}") = "GVVL7Y_HFT_2021221.Test", "GVVL7Y_HFT_2021221.Test\GVVL7Y_HFT_2021221.Test.csproj", "{36B59BE1-1CE6-4157-AC83-48715391DEDA}"
EndProject
Project("{9A19103F-16F7-4668-BE54-9A1E7A4F7556}") = "GVVL7Y_HFT_2021221.Endpoint", "GVVL7Y_HFT_2021221.Endpoint\GVVL7Y_HFT_2021221.Endpoint.csproj", "{18E961F8-A998-41CC-B0AD-7CEC3302018B}"
EndProject
Project("{2150E333-8FDC-42A3-9474-1A3956D46DE8}") = "Backend", "Backend", "{755E5B7D-B6C1-4D2C-95E8-4BCE35B75955}"
EndProject
Project("{2150E333-8FDC-42A3-9474-1A3956D46DE8}") = "Frontend", "Frontend", "{82B8B5CE-2D20-4ECF-A68B-653BE6AE498D}"
EndProject
Project("{2150E333-8FDC-42A3-9474-1A3956D46DE8}") = "Shared", "Shared", "{D63EFD0A-75E3-4431-949C-D791DD65A6A2}"
EndProject
Project("{2150E333-8FDC-42A3-9474-1A3956D46DE8}") = "Others", "Others", "{9EFF9B36-1DF1-472F-8F6E-C4ED6E55267A}"
	ProjectSection(SolutionItems) = preProject
		.gitignore = .gitignore
	EndProjectSection
EndProject
Global
	GlobalSection(SolutionConfigurationPlatforms) = preSolution
		Debug|Any CPU = Debug|Any CPU
		Release|Any CPU = Release|Any CPU
	EndGlobalSection
	GlobalSection(ProjectConfigurationPlatforms) = postSolution
		{5D0F80FE-2579-4DC4-8ED9-D837B33B146D}.Debug|Any CPU.ActiveCfg = Debug|Any CPU
		{5D0F80FE-2579-4DC4-8ED9-D837B33B146D}.Debug|Any CPU.Build.0 = Debug|Any CPU
		{5D0F80FE-2579-4DC4-8ED9-D837B33B146D}.Release|Any CPU.ActiveCfg = Release|Any CPU
		{5D0F80FE-2579-4DC4-8ED9-D837B33B146D}.Release|Any CPU.Build.0 = Release|Any CPU
		{3265C08C-8625-41C1-93BD-1DD682B02E82}.Debug|Any CPU.ActiveCfg = Debug|Any CPU
		{3265C08C-8625-41C1-93BD-1DD682B02E82}.Debug|Any CPU.Build.0 = Debug|Any CPU
		{3265C08C-8625-41C1-93BD-1DD682B02E82}.Release|Any CPU.ActiveCfg = Release|Any CPU
		{3265C08C-8625-41C1-93BD-1DD682B02E82}.Release|Any CPU.Build.0 = Release|Any CPU
		{CC05CB3D-F7F2-46BF-BE26-DFDBB84152D6}.Debug|Any CPU.ActiveCfg = Debug|Any CPU
		{CC05CB3D-F7F2-46BF-BE26-DFDBB84152D6}.Debug|Any CPU.Build.0 = Debug|Any CPU
		{CC05CB3D-F7F2-46BF-BE26-DFDBB84152D6}.Release|Any CPU.ActiveCfg = Release|Any CPU
		{CC05CB3D-F7F2-46BF-BE26-DFDBB84152D6}.Release|Any CPU.Build.0 = Release|Any CPU
		{2A746B83-FAAE-43C1-BDFB-D3E1335B603A}.Debug|Any CPU.ActiveCfg = Debug|Any CPU
		{2A746B83-FAAE-43C1-BDFB-D3E1335B603A}.Debug|Any CPU.Build.0 = Debug|Any CPU
		{2A746B83-FAAE-43C1-BDFB-D3E1335B603A}.Release|Any CPU.ActiveCfg = Release|Any CPU
		{2A746B83-FAAE-43C1-BDFB-D3E1335B603A}.Release|Any CPU.Build.0 = Release|Any CPU
		{61F5D6EB-9CD0-46FA-8527-062D2C57FBE9}.Debug|Any CPU.ActiveCfg = Debug|Any CPU
		{61F5D6EB-9CD0-46FA-8527-062D2C57FBE9}.Debug|Any CPU.Build.0 = Debug|Any CPU
		{61F5D6EB-9CD0-46FA-8527-062D2C57FBE9}.Release|Any CPU.ActiveCfg = Release|Any CPU
		{61F5D6EB-9CD0-46FA-8527-062D2C57FBE9}.Release|Any CPU.Build.0 = Release|Any CPU
		{36B59BE1-1CE6-4157-AC83-48715391DEDA}.Debug|Any CPU.ActiveCfg = Debug|Any CPU
		{36B59BE1-1CE6-4157-AC83-48715391DEDA}.Debug|Any CPU.Build.0 = Debug|Any CPU
		{36B59BE1-1CE6-4157-AC83-48715391DEDA}.Release|Any CPU.ActiveCfg = Release|Any CPU
		{36B59BE1-1CE6-4157-AC83-48715391DEDA}.Release|Any CPU.Build.0 = Release|Any CPU
		{18E961F8-A998-41CC-B0AD-7CEC3302018B}.Debug|Any CPU.ActiveCfg = Debug|Any CPU
		{18E961F8-A998-41CC-B0AD-7CEC3302018B}.Debug|Any CPU.Build.0 = Debug|Any CPU
		{18E961F8-A998-41CC-B0AD-7CEC3302018B}.Release|Any CPU.ActiveCfg = Release|Any CPU
		{18E961F8-A998-41CC-B0AD-7CEC3302018B}.Release|Any CPU.Build.0 = Release|Any CPU
	EndGlobalSection
	GlobalSection(SolutionProperties) = preSolution
		HideSolutionNode = FALSE
	EndGlobalSection
	GlobalSection(NestedProjects) = preSolution
		{5D0F80FE-2579-4DC4-8ED9-D837B33B146D} = {82B8B5CE-2D20-4ECF-A68B-653BE6AE498D}
		{3265C08C-8625-41C1-93BD-1DD682B02E82} = {D63EFD0A-75E3-4431-949C-D791DD65A6A2}
		{CC05CB3D-F7F2-46BF-BE26-DFDBB84152D6} = {755E5B7D-B6C1-4D2C-95E8-4BCE35B75955}
		{2A746B83-FAAE-43C1-BDFB-D3E1335B603A} = {755E5B7D-B6C1-4D2C-95E8-4BCE35B75955}
		{61F5D6EB-9CD0-46FA-8527-062D2C57FBE9} = {755E5B7D-B6C1-4D2C-95E8-4BCE35B75955}
		{36B59BE1-1CE6-4157-AC83-48715391DEDA} = {755E5B7D-B6C1-4D2C-95E8-4BCE35B75955}
		{18E961F8-A998-41CC-B0AD-7CEC3302018B} = {755E5B7D-B6C1-4D2C-95E8-4BCE35B75955}
	EndGlobalSection
	GlobalSection(ExtensibilityGlobals) = postSolution
		SolutionGuid = {02A329F4-C652-41FE-811F-31E2FD5E4B14}
	EndGlobalSection
EndGlobal
